{
  "meteor": {},
  "dependencies": {
    "basePackages": {
      "Mesosphere": {}
    },
    "packages": {
      "Mesosphere": {
        "git": "https://github.com/copleykj/Mesosphere.git",
        "tag": "v0.1.4",
        "commit": "a1abf9cfe102cd7f3c617b0198b5c35499e5ea57"
      },
      "underscore-string-latest": {
        "git": "https://github.com/TimHeckel/meteor-underscore-string.git",
        "tag": "v2.3.3",
        "commit": "4a5d70eee48fbd90a6e6fc78747250d704a0b3bb"
      }
    }
  }
}
